
Microsoft Visual Studio Solution File, Format Version 12.00
# Visual Studio Version 17
VisualStudioVersion = 17.4.33213.308
MinimumVisualStudioVersion = 10.0.40219.1
Project("{FAE04EC0-301F-11D3-BF4B-00C04F79EFBC}") = "Task_Client", "Task_Client\Task_Client.csproj", "{9D6055E3-363A-4C9D-A7F9-087DD2F2E92A}"
EndProject
Project("{FAE04EC0-301F-11D3-BF4B-00C04F79EFBC}") = "Task_DAL", "Task_DAL\Task_DAL.csproj", "{4D6CA6FF-C5FE-4005-A1CE-4DA6E90B96C2}"
EndProject
Project("{FAE04EC0-301F-11D3-BF4B-00C04F79EFBC}") = "Task_Entities", "Task_Entities\Task_Entities.csproj", "{73500C73-E65F-4E80-8DFE-38184D9E8CBA}"
EndProject
Global
	GlobalSection(SolutionConfigurationPlatforms) = preSolution
		Debug|Any CPU = Debug|Any CPU
		Release|Any CPU = Release|Any CPU
	EndGlobalSection
	GlobalSection(ProjectConfigurationPlatforms) = postSolution
		{9D6055E3-363A-4C9D-A7F9-087DD2F2E92A}.Debug|Any CPU.ActiveCfg = Debug|Any CPU
		{9D6055E3-363A-4C9D-A7F9-087DD2F2E92A}.Debug|Any CPU.Build.0 = Debug|Any CPU
		{9D6055E3-363A-4C9D-A7F9-087DD2F2E92A}.Release|Any CPU.ActiveCfg = Release|Any CPU
		{9D6055E3-363A-4C9D-A7F9-087DD2F2E92A}.Release|Any CPU.Build.0 = Release|Any CPU
		{4D6CA6FF-C5FE-4005-A1CE-4DA6E90B96C2}.Debug|Any CPU.ActiveCfg = Debug|Any CPU
		{4D6CA6FF-C5FE-4005-A1CE-4DA6E90B96C2}.Debug|Any CPU.Build.0 = Debug|Any CPU
		{4D6CA6FF-C5FE-4005-A1CE-4DA6E90B96C2}.Release|Any CPU.ActiveCfg = Release|Any CPU
		{4D6CA6FF-C5FE-4005-A1CE-4DA6E90B96C2}.Release|Any CPU.Build.0 = Release|Any CPU
		{73500C73-E65F-4E80-8DFE-38184D9E8CBA}.Debug|Any CPU.ActiveCfg = Debug|Any CPU
		{73500C73-E65F-4E80-8DFE-38184D9E8CBA}.Debug|Any CPU.Build.0 = Debug|Any CPU
		{73500C73-E65F-4E80-8DFE-38184D9E8CBA}.Release|Any CPU.ActiveCfg = Release|Any CPU
		{73500C73-E65F-4E80-8DFE-38184D9E8CBA}.Release|Any CPU.Build.0 = Release|Any CPU
	EndGlobalSection
	GlobalSection(SolutionProperties) = preSolution
		HideSolutionNode = FALSE
	EndGlobalSection
	GlobalSection(ExtensibilityGlobals) = postSolution
		SolutionGuid = {D8E32AE9-D6F0-4D96-9C63-F193C7A64829}
	EndGlobalSection
EndGlobal
